
Microsoft Visual Studio Solution File, Format Version 12.00
# Visual Studio 2012
Project("{FAE04EC0-301F-11D3-BF4B-00C04F79EFBC}") = "SpikeSilverlightApplication", "SpikeSilverlightApplication\SpikeSilverlightApplication.csproj", "{50B9FB38-D673-435A-916E-2945E0C69574}"
EndProject
Project("{FAE04EC0-301F-11D3-BF4B-00C04F79EFBC}") = "SpikeSilverlightApplication.Web", "SpikeSilverlightApplication.Web\SpikeSilverlightApplication.Web.csproj", "{6DCD2CA0-3FF6-4F80-AFFB-DB2963C691BA}"
EndProject
Global
	GlobalSection(SolutionConfigurationPlatforms) = preSolution
		Debug|Any CPU = Debug|Any CPU
		Release|Any CPU = Release|Any CPU
	EndGlobalSection
	GlobalSection(ProjectConfigurationPlatforms) = postSolution
		{50B9FB38-D673-435A-916E-2945E0C69574}.Debug|Any CPU.ActiveCfg = Debug|Any CPU
		{50B9FB38-D673-435A-916E-2945E0C69574}.Debug|Any CPU.Build.0 = Debug|Any CPU
		{50B9FB38-D673-435A-916E-2945E0C69574}.Release|Any CPU.ActiveCfg = Release|Any CPU
		{50B9FB38-D673-435A-916E-2945E0C69574}.Release|Any CPU.Build.0 = Release|Any CPU
		{6DCD2CA0-3FF6-4F80-AFFB-DB2963C691BA}.Debug|Any CPU.ActiveCfg = Debug|Any CPU
		{6DCD2CA0-3FF6-4F80-AFFB-DB2963C691BA}.Debug|Any CPU.Build.0 = Debug|Any CPU
		{6DCD2CA0-3FF6-4F80-AFFB-DB2963C691BA}.Release|Any CPU.ActiveCfg = Release|Any CPU
		{6DCD2CA0-3FF6-4F80-AFFB-DB2963C691BA}.Release|Any CPU.Build.0 = Release|Any CPU
	EndGlobalSection
	GlobalSection(SolutionProperties) = preSolution
		HideSolutionNode = FALSE
	EndGlobalSection
EndGlobal
