
Microsoft Visual Studio Solution File, Format Version 12.00
# Visual Studio 2012
Project("{FAE04EC0-301F-11D3-BF4B-00C04F79EFBC}") = "SpikeApp", "spikeApp\SpikeApp.csproj", "{C6DC94E7-5679-4010-AE5F-B679709C0AD5}"
EndProject
Project("{FAE04EC0-301F-11D3-BF4B-00C04F79EFBC}") = "SpikeApp.Test", "SpikeApp.Test\SpikeApp.Test.csproj", "{C557E6E5-F633-4D0A-A33F-875639027AF1}"
EndProject
Global
	GlobalSection(SolutionConfigurationPlatforms) = preSolution
		Debug|Any CPU = Debug|Any CPU
		Release|Any CPU = Release|Any CPU
	EndGlobalSection
	GlobalSection(ProjectConfigurationPlatforms) = postSolution
		{C6DC94E7-5679-4010-AE5F-B679709C0AD5}.Debug|Any CPU.ActiveCfg = Debug|Any CPU
		{C6DC94E7-5679-4010-AE5F-B679709C0AD5}.Debug|Any CPU.Build.0 = Debug|Any CPU
		{C6DC94E7-5679-4010-AE5F-B679709C0AD5}.Release|Any CPU.ActiveCfg = Release|Any CPU
		{C6DC94E7-5679-4010-AE5F-B679709C0AD5}.Release|Any CPU.Build.0 = Release|Any CPU
		{C557E6E5-F633-4D0A-A33F-875639027AF1}.Debug|Any CPU.ActiveCfg = Debug|Any CPU
		{C557E6E5-F633-4D0A-A33F-875639027AF1}.Debug|Any CPU.Build.0 = Debug|Any CPU
		{C557E6E5-F633-4D0A-A33F-875639027AF1}.Release|Any CPU.ActiveCfg = Release|Any CPU
		{C557E6E5-F633-4D0A-A33F-875639027AF1}.Release|Any CPU.Build.0 = Release|Any CPU
	EndGlobalSection
	GlobalSection(SolutionProperties) = preSolution
		HideSolutionNode = FALSE
	EndGlobalSection
EndGlobal
